
Microsoft Visual Studio Solution File, Format Version 12.00
# Visual Studio Version 16
VisualStudioVersion = 16.0.30804.86
MinimumVisualStudioVersion = 10.0.40219.1
Project("{FAE04EC0-301F-11D3-BF4B-00C04F79EFBC}") = "tresNotas", "tresNotas.csproj", "{F471E95F-D482-484E-95C9-90687972A531}"
	ProjectSection(ProjectDependencies) = postProject
		{2068B61D-4956-479E-9D44-50074AC4CA95} = {2068B61D-4956-479E-9D44-50074AC4CA95}
	EndProjectSection
EndProject
Project("{FAE04EC0-301F-11D3-BF4B-00C04F79EFBC}") = "variar_Notas", "..\variar_Notas\variar_Notas.csproj", "{2068B61D-4956-479E-9D44-50074AC4CA95}"
EndProject
Project("{FAE04EC0-301F-11D3-BF4B-00C04F79EFBC}") = "completarQuatroTarefas", "..\completarQuatroTarefas\completarQuatroTarefas.csproj", "{9309F690-FCEF-483F-B72F-E4AED9B273AD}"
EndProject
Project("{FAE04EC0-301F-11D3-BF4B-00C04F79EFBC}") = "fatorialDez", "..\fatorialDez\fatorialDez.csproj", "{695283C0-BF3D-4B6F-B25B-F5DE5379C1EB}"
EndProject
Project("{FAE04EC0-301F-11D3-BF4B-00C04F79EFBC}") = "Fibonacci", "..\Fibonacci\Fibonacci.csproj", "{C6DA84E8-B072-417D-B086-65C979253443}"
EndProject
Project("{FAE04EC0-301F-11D3-BF4B-00C04F79EFBC}") = "valordeXeY", "..\valordeXeY\valordeXeY.csproj", "{496C79D9-236A-4036-84DC-55B43C2AC5FA}"
EndProject
Global
	GlobalSection(SolutionConfigurationPlatforms) = preSolution
		Debug|Any CPU = Debug|Any CPU
		Release|Any CPU = Release|Any CPU
	EndGlobalSection
	GlobalSection(ProjectConfigurationPlatforms) = postSolution
		{F471E95F-D482-484E-95C9-90687972A531}.Debug|Any CPU.ActiveCfg = Debug|Any CPU
		{F471E95F-D482-484E-95C9-90687972A531}.Debug|Any CPU.Build.0 = Debug|Any CPU
		{F471E95F-D482-484E-95C9-90687972A531}.Release|Any CPU.ActiveCfg = Release|Any CPU
		{F471E95F-D482-484E-95C9-90687972A531}.Release|Any CPU.Build.0 = Release|Any CPU
		{2068B61D-4956-479E-9D44-50074AC4CA95}.Debug|Any CPU.ActiveCfg = Debug|Any CPU
		{2068B61D-4956-479E-9D44-50074AC4CA95}.Debug|Any CPU.Build.0 = Debug|Any CPU
		{2068B61D-4956-479E-9D44-50074AC4CA95}.Release|Any CPU.ActiveCfg = Release|Any CPU
		{2068B61D-4956-479E-9D44-50074AC4CA95}.Release|Any CPU.Build.0 = Release|Any CPU
		{9309F690-FCEF-483F-B72F-E4AED9B273AD}.Debug|Any CPU.ActiveCfg = Debug|Any CPU
		{9309F690-FCEF-483F-B72F-E4AED9B273AD}.Debug|Any CPU.Build.0 = Debug|Any CPU
		{9309F690-FCEF-483F-B72F-E4AED9B273AD}.Release|Any CPU.ActiveCfg = Release|Any CPU
		{9309F690-FCEF-483F-B72F-E4AED9B273AD}.Release|Any CPU.Build.0 = Release|Any CPU
		{695283C0-BF3D-4B6F-B25B-F5DE5379C1EB}.Debug|Any CPU.ActiveCfg = Debug|Any CPU
		{695283C0-BF3D-4B6F-B25B-F5DE5379C1EB}.Debug|Any CPU.Build.0 = Debug|Any CPU
		{695283C0-BF3D-4B6F-B25B-F5DE5379C1EB}.Release|Any CPU.ActiveCfg = Release|Any CPU
		{695283C0-BF3D-4B6F-B25B-F5DE5379C1EB}.Release|Any CPU.Build.0 = Release|Any CPU
		{C6DA84E8-B072-417D-B086-65C979253443}.Debug|Any CPU.ActiveCfg = Debug|Any CPU
		{C6DA84E8-B072-417D-B086-65C979253443}.Debug|Any CPU.Build.0 = Debug|Any CPU
		{C6DA84E8-B072-417D-B086-65C979253443}.Release|Any CPU.ActiveCfg = Release|Any CPU
		{C6DA84E8-B072-417D-B086-65C979253443}.Release|Any CPU.Build.0 = Release|Any CPU
		{496C79D9-236A-4036-84DC-55B43C2AC5FA}.Debug|Any CPU.ActiveCfg = Debug|Any CPU
		{496C79D9-236A-4036-84DC-55B43C2AC5FA}.Debug|Any CPU.Build.0 = Debug|Any CPU
		{496C79D9-236A-4036-84DC-55B43C2AC5FA}.Release|Any CPU.ActiveCfg = Release|Any CPU
		{496C79D9-236A-4036-84DC-55B43C2AC5FA}.Release|Any CPU.Build.0 = Release|Any CPU
	EndGlobalSection
	GlobalSection(SolutionProperties) = preSolution
		HideSolutionNode = FALSE
	EndGlobalSection
	GlobalSection(ExtensibilityGlobals) = postSolution
		SolutionGuid = {0A599178-1716-4874-BEDB-542D0328BFE5}
	EndGlobalSection
EndGlobal
